// !$*UTF8*$!
{
	archiveVersion = 1;
	classes = {
	};
	objectVersion = 46;
	objects = {

/* Begin PBXBuildFile section */
		817A5728FB15CD651FEC45FF /* Pods_Bais.framework in Frameworks */ = {isa = PBXBuildFile; fileRef = 0AF6B2B119653D993B14B315 /* Pods_Bais.framework */; };
		AB0E468B1DF3E628003CA68C /* MosaicCollectionViewLayout.swift in Sources */ = {isa = PBXBuildFile; fileRef = AB0E468A1DF3E628003CA68C /* MosaicCollectionViewLayout.swift */; };
		AB3D33A21E458C9E0058547A /* BAImageCarouselCellNode.swift in Sources */ = {isa = PBXBuildFile; fileRef = AB3D33A11E458C9E0058547A /* BAImageCarouselCellNode.swift */; };
		AB3D33A41E4598CE0058547A /* BABasicInfoCellNode.swift in Sources */ = {isa = PBXBuildFile; fileRef = AB3D33A31E4598CE0058547A /* BABasicInfoCellNode.swift */; };
		AB4F5D751D98D204003586B2 /* FirebaseService.swift in Sources */ = {isa = PBXBuildFile; fileRef = AB4F5D741D98D204003586B2 /* FirebaseService.swift */; };
		AB4F5D771D98EB4F003586B2 /* User.swift in Sources */ = {isa = PBXBuildFile; fileRef = AB4F5D761D98EB4F003586B2 /* User.swift */; };
		AB4FD16A1DEBF90900612473 /* BAUsersCellNode.swift in Sources */ = {isa = PBXBuildFile; fileRef = AB4FD1691DEBF90900612473 /* BAUsersCellNode.swift */; };
		AB75EDCC1E3C678900078C66 /* BAFriendRequestCellNode.swift in Sources */ = {isa = PBXBuildFile; fileRef = AB75EDCB1E3C678900078C66 /* BAFriendRequestCellNode.swift */; };
		AB8B5F861D9DD10600727BF8 /* FriendshipStatus.swift in Sources */ = {isa = PBXBuildFile; fileRef = AB8B5F851D9DD10600727BF8 /* FriendshipStatus.swift */; };
		AB9B5BAA1E347733001A9085 /* BAChatHeaderCellNode.swift in Sources */ = {isa = PBXBuildFile; fileRef = AB9B5BA91E347733001A9085 /* BAChatHeaderCellNode.swift */; };
		ABA9C3751E307B0300DE5F56 /* BAChatCellNode.swift in Sources */ = {isa = PBXBuildFile; fileRef = ABA9C3741E307B0300DE5F56 /* BAChatCellNode.swift */; };
		ABB9F2DD1D9170C600E01511 /* AppsCommunicator.swift in Sources */ = {isa = PBXBuildFile; fileRef = ABB9F2B21D9170C600E01511 /* AppsCommunicator.swift */; };
		ABB9F2DE1D9170C600E01511 /* BAAnnouncementPost.swift in Sources */ = {isa = PBXBuildFile; fileRef = ABB9F2B31D9170C600E01511 /* BAAnnouncementPost.swift */; };
		ABB9F2DF1D9170C600E01511 /* Utilities.swift in Sources */ = {isa = PBXBuildFile; fileRef = ABB9F2B41D9170C600E01511 /* Utilities.swift */; };
		ABB9F2E01D9170C600E01511 /* BAEventCard.swift in Sources */ = {isa = PBXBuildFile; fileRef = ABB9F2B51D9170C600E01511 /* BAEventCard.swift */; };
		ABB9F2E11D9170C600E01511 /* BALikeButton.swift in Sources */ = {isa = PBXBuildFile; fileRef = ABB9F2B61D9170C600E01511 /* BALikeButton.swift */; };
		ABB9F2E21D9170C600E01511 /* BAPicturePost.swift in Sources */ = {isa = PBXBuildFile; fileRef = ABB9F2B71D9170C600E01511 /* BAPicturePost.swift */; };
		ABB9F2E31D9170C600E01511 /* Assets.xcassets in Resources */ = {isa = PBXBuildFile; fileRef = ABB9F2B81D9170C600E01511 /* Assets.xcassets */; };
		ABB9F2E41D9170C600E01511 /* BAVideoPost.swift in Sources */ = {isa = PBXBuildFile; fileRef = ABB9F2B91D9170C600E01511 /* BAVideoPost.swift */; };
		ABB9F2E51D9170C600E01511 /* BAWallPost.swift in Sources */ = {isa = PBXBuildFile; fileRef = ABB9F2BA1D9170C600E01511 /* BAWallPost.swift */; };
		ABB9F2E61D9170C600E01511 /* BackgroundStyleAnimator.swift in Sources */ = {isa = PBXBuildFile; fileRef = ABB9F2BB1D9170C600E01511 /* BackgroundStyleAnimator.swift */; };
		ABB9F2E81D9170C600E01511 /* BouncesStyleAnimator.swift in Sources */ = {isa = PBXBuildFile; fileRef = ABB9F2BD1D9170C600E01511 /* BouncesStyleAnimator.swift */; };
		ABB9F2E91D9170C600E01511 /* BACalendarController.swift in Sources */ = {isa = PBXBuildFile; fileRef = ABB9F2BE1D9170C600E01511 /* BACalendarController.swift */; };
		ABB9F2EA1D9170C600E01511 /* BAChatController.swift in Sources */ = {isa = PBXBuildFile; fileRef = ABB9F2BF1D9170C600E01511 /* BAChatController.swift */; };
		ABB9F2EB1D9170C600E01511 /* CloudController.swift in Sources */ = {isa = PBXBuildFile; fileRef = ABB9F2C01D9170C600E01511 /* CloudController.swift */; };
		ABB9F2EC1D9170C600E01511 /* ColorPalette.swift in Sources */ = {isa = PBXBuildFile; fileRef = ABB9F2C11D9170C600E01511 /* ColorPalette.swift */; };
		ABB9F2ED1D9170C600E01511 /* BATabBarController.swift in Sources */ = {isa = PBXBuildFile; fileRef = ABB9F2C21D9170C600E01511 /* BATabBarController.swift */; };
		ABB9F2EF1D9170C600E01511 /* Event.swift in Sources */ = {isa = PBXBuildFile; fileRef = ABB9F2C41D9170C600E01511 /* Event.swift */; };
		ABB9F2F01D9170C600E01511 /* BAEventController.swift in Sources */ = {isa = PBXBuildFile; fileRef = ABB9F2C51D9170C600E01511 /* BAEventController.swift */; };
		ABB9F2F21D9170C600E01511 /* FetchedContent.swift in Sources */ = {isa = PBXBuildFile; fileRef = ABB9F2C71D9170C600E01511 /* FetchedContent.swift */; };
		ABB9F2F41D9170C600E01511 /* GradientBar.swift in Sources */ = {isa = PBXBuildFile; fileRef = ABB9F2C91D9170C600E01511 /* GradientBar.swift */; };
		ABB9F2F51D9170C600E01511 /* InstagramMedia.swift in Sources */ = {isa = PBXBuildFile; fileRef = ABB9F2CA1D9170C600E01511 /* InstagramMedia.swift */; };
		ABB9F2F61D9170C600E01511 /* InstagramPicture.swift in Sources */ = {isa = PBXBuildFile; fileRef = ABB9F2CB1D9170C600E01511 /* InstagramPicture.swift */; };
		ABB9F2F71D9170C600E01511 /* InstagramUser.swift in Sources */ = {isa = PBXBuildFile; fileRef = ABB9F2CC1D9170C600E01511 /* InstagramUser.swift */; };
		ABB9F2F81D9170C600E01511 /* InstagramVideo.swift in Sources */ = {isa = PBXBuildFile; fileRef = ABB9F2CD1D9170C600E01511 /* InstagramVideo.swift */; };
		ABB9F2F91D9170C600E01511 /* IrregularityStyleAnimator.swift in Sources */ = {isa = PBXBuildFile; fileRef = ABB9F2CE1D9170C600E01511 /* IrregularityStyleAnimator.swift */; };
		ABB9F2FA1D9170C600E01511 /* BALoginController.swift in Sources */ = {isa = PBXBuildFile; fileRef = ABB9F2CF1D9170C600E01511 /* BALoginController.swift */; };
		ABB9F2FD1D9170C600E01511 /* Place.swift in Sources */ = {isa = PBXBuildFile; fileRef = ABB9F2D21D9170C600E01511 /* Place.swift */; };
		ABB9F2FE1D9170C600E01511 /* rollercoaster_comp.mp4 in Resources */ = {isa = PBXBuildFile; fileRef = ABB9F2D31D9170C600E01511 /* rollercoaster_comp.mp4 */; };
		ABB9F2FF1D9170C600E01511 /* RSVPStatus.swift in Sources */ = {isa = PBXBuildFile; fileRef = ABB9F2D41D9170C600E01511 /* RSVPStatus.swift */; };
		ABB9F3001D9170C600E01511 /* BASettingsController.swift in Sources */ = {isa = PBXBuildFile; fileRef = ABB9F2D51D9170C600E01511 /* BASettingsController.swift */; };
		ABB9F3021D9170C600E01511 /* UberProduct.swift in Sources */ = {isa = PBXBuildFile; fileRef = ABB9F2D71D9170C600E01511 /* UberProduct.swift */; };
		ABB9F3041D9170C600E01511 /* BAMapBox.swift in Sources */ = {isa = PBXBuildFile; fileRef = ABB9F2D91D9170C600E01511 /* BAMapBox.swift */; };
		ABB9F3051D9170C600E01511 /* UIRepeatingVideo.swift in Sources */ = {isa = PBXBuildFile; fileRef = ABB9F2DA1D9170C600E01511 /* UIRepeatingVideo.swift */; };
		ABB9F3061D9170C600E01511 /* BAWallController.swift in Sources */ = {isa = PBXBuildFile; fileRef = ABB9F2DB1D9170C600E01511 /* BAWallController.swift */; };
		ABB9F3071D9170C600E01511 /* WebAPI.swift in Sources */ = {isa = PBXBuildFile; fileRef = ABB9F2DC1D9170C600E01511 /* WebAPI.swift */; };
		ABCBDA461DA78B670001AC59 /* BAProfileController.swift in Sources */ = {isa = PBXBuildFile; fileRef = ABCBDA451DA78B670001AC59 /* BAProfileController.swift */; };
		ABF08B231D916E5400C6B832 /* AppDelegate.swift in Sources */ = {isa = PBXBuildFile; fileRef = ABF08B221D916E5400C6B832 /* AppDelegate.swift */; };
		ABF50ACC1DEA7651004CB6E8 /* BAUsersController.swift in Sources */ = {isa = PBXBuildFile; fileRef = ABF50ACB1DEA7651004CB6E8 /* BAUsersController.swift */; };
		ABFA0B311D9A0CB000ED6C16 /* GoogleService-Info.plist in Resources */ = {isa = PBXBuildFile; fileRef = ABFA0B301D9A0CB000ED6C16 /* GoogleService-Info.plist */; };
		ABFC76E61E34995700B6498D /* BAUsersHeaderCellNode.swift in Sources */ = {isa = PBXBuildFile; fileRef = ABFC76E51E34995700B6498D /* BAUsersHeaderCellNode.swift */; };
		ABFF2A131E2F1B0E00B10B76 /* BAFriendsController.swift in Sources */ = {isa = PBXBuildFile; fileRef = ABFF2A121E2F1B0E00B10B76 /* BAFriendsController.swift */; };
/* End PBXBuildFile section */

/* Begin PBXFileReference section */
		0AF6B2B119653D993B14B315 /* Pods_Bais.framework */ = {isa = PBXFileReference; explicitFileType = wrapper.framework; includeInIndex = 0; path = Pods_Bais.framework; sourceTree = BUILT_PRODUCTS_DIR; };
		40BDC291BD8D1F55A1BC5F42 /* Pods-Bais.release.xcconfig */ = {isa = PBXFileReference; includeInIndex = 1; lastKnownFileType = text.xcconfig; name = "Pods-Bais.release.xcconfig"; path = "Pods/Target Support Files/Pods-Bais/Pods-Bais.release.xcconfig"; sourceTree = "<group>"; };
		82318B2C04D00B6FB970C108 /* Pods-Bais.debug.xcconfig */ = {isa = PBXFileReference; includeInIndex = 1; lastKnownFileType = text.xcconfig; name = "Pods-Bais.debug.xcconfig"; path = "Pods/Target Support Files/Pods-Bais/Pods-Bais.debug.xcconfig"; sourceTree = "<group>"; };
		AB0E468A1DF3E628003CA68C /* MosaicCollectionViewLayout.swift */ = {isa = PBXFileReference; fileEncoding = 4; lastKnownFileType = sourcecode.swift; path = MosaicCollectionViewLayout.swift; sourceTree = "<group>"; };
		AB3D33A11E458C9E0058547A /* BAImageCarouselCellNode.swift */ = {isa = PBXFileReference; fileEncoding = 4; lastKnownFileType = sourcecode.swift; path = BAImageCarouselCellNode.swift; sourceTree = "<group>"; };
		AB3D33A31E4598CE0058547A /* BABasicInfoCellNode.swift */ = {isa = PBXFileReference; fileEncoding = 4; lastKnownFileType = sourcecode.swift; path = BABasicInfoCellNode.swift; sourceTree = "<group>"; };
		AB4F5D741D98D204003586B2 /* FirebaseService.swift */ = {isa = PBXFileReference; fileEncoding = 4; lastKnownFileType = sourcecode.swift; path = FirebaseService.swift; sourceTree = "<group>"; };
		AB4F5D761D98EB4F003586B2 /* User.swift */ = {isa = PBXFileReference; fileEncoding = 4; lastKnownFileType = sourcecode.swift; path = User.swift; sourceTree = "<group>"; };
		AB4FD1691DEBF90900612473 /* BAUsersCellNode.swift */ = {isa = PBXFileReference; fileEncoding = 4; lastKnownFileType = sourcecode.swift; path = BAUsersCellNode.swift; sourceTree = "<group>"; };
		AB75EDCB1E3C678900078C66 /* BAFriendRequestCellNode.swift */ = {isa = PBXFileReference; fileEncoding = 4; lastKnownFileType = sourcecode.swift; path = BAFriendRequestCellNode.swift; sourceTree = "<group>"; };
		AB8B5F851D9DD10600727BF8 /* FriendshipStatus.swift */ = {isa = PBXFileReference; fileEncoding = 4; lastKnownFileType = sourcecode.swift; path = FriendshipStatus.swift; sourceTree = "<group>"; };
		AB9B5BA91E347733001A9085 /* BAChatHeaderCellNode.swift */ = {isa = PBXFileReference; fileEncoding = 4; lastKnownFileType = sourcecode.swift; path = BAChatHeaderCellNode.swift; sourceTree = "<group>"; };
		ABA9C3741E307B0300DE5F56 /* BAChatCellNode.swift */ = {isa = PBXFileReference; fileEncoding = 4; lastKnownFileType = sourcecode.swift; path = BAChatCellNode.swift; sourceTree = "<group>"; };
		ABB9F2B21D9170C600E01511 /* AppsCommunicator.swift */ = {isa = PBXFileReference; fileEncoding = 4; lastKnownFileType = sourcecode.swift; path = AppsCommunicator.swift; sourceTree = "<group>"; };
		ABB9F2B31D9170C600E01511 /* BAAnnouncementPost.swift */ = {isa = PBXFileReference; fileEncoding = 4; lastKnownFileType = sourcecode.swift; path = BAAnnouncementPost.swift; sourceTree = "<group>"; };
		ABB9F2B41D9170C600E01511 /* Utilities.swift */ = {isa = PBXFileReference; fileEncoding = 4; lastKnownFileType = sourcecode.swift; path = Utilities.swift; sourceTree = "<group>"; };
		ABB9F2B51D9170C600E01511 /* BAEventCard.swift */ = {isa = PBXFileReference; fileEncoding = 4; lastKnownFileType = sourcecode.swift; path = BAEventCard.swift; sourceTree = "<group>"; };
		ABB9F2B61D9170C600E01511 /* BALikeButton.swift */ = {isa = PBXFileReference; fileEncoding = 4; lastKnownFileType = sourcecode.swift; path = BALikeButton.swift; sourceTree = "<group>"; };
		ABB9F2B71D9170C600E01511 /* BAPicturePost.swift */ = {isa = PBXFileReference; fileEncoding = 4; lastKnownFileType = sourcecode.swift; path = BAPicturePost.swift; sourceTree = "<group>"; };
		ABB9F2B81D9170C600E01511 /* Assets.xcassets */ = {isa = PBXFileReference; lastKnownFileType = folder.assetcatalog; path = Assets.xcassets; sourceTree = "<group>"; };
		ABB9F2B91D9170C600E01511 /* BAVideoPost.swift */ = {isa = PBXFileReference; fileEncoding = 4; lastKnownFileType = sourcecode.swift; path = BAVideoPost.swift; sourceTree = "<group>"; };
		ABB9F2BA1D9170C600E01511 /* BAWallPost.swift */ = {isa = PBXFileReference; fileEncoding = 4; lastKnownFileType = sourcecode.swift; path = BAWallPost.swift; sourceTree = "<group>"; };
		ABB9F2BB1D9170C600E01511 /* BackgroundStyleAnimator.swift */ = {isa = PBXFileReference; fileEncoding = 4; lastKnownFileType = sourcecode.swift; path = BackgroundStyleAnimator.swift; sourceTree = "<group>"; };
		ABB9F2BD1D9170C600E01511 /* BouncesStyleAnimator.swift */ = {isa = PBXFileReference; fileEncoding = 4; lastKnownFileType = sourcecode.swift; path = BouncesStyleAnimator.swift; sourceTree = "<group>"; };
		ABB9F2BE1D9170C600E01511 /* BACalendarController.swift */ = {isa = PBXFileReference; fileEncoding = 4; lastKnownFileType = sourcecode.swift; lineEnding = 0; path = BACalendarController.swift; sourceTree = "<group>"; xcLanguageSpecificationIdentifier = xcode.lang.swift; };
		ABB9F2BF1D9170C600E01511 /* BAChatController.swift */ = {isa = PBXFileReference; fileEncoding = 4; lastKnownFileType = sourcecode.swift; path = BAChatController.swift; sourceTree = "<group>"; };
		ABB9F2C01D9170C600E01511 /* CloudController.swift */ = {isa = PBXFileReference; fileEncoding = 4; lastKnownFileType = sourcecode.swift; path = CloudController.swift; sourceTree = "<group>"; };
		ABB9F2C11D9170C600E01511 /* ColorPalette.swift */ = {isa = PBXFileReference; fileEncoding = 4; lastKnownFileType = sourcecode.swift; path = ColorPalette.swift; sourceTree = "<group>"; };
		ABB9F2C21D9170C600E01511 /* BATabBarController.swift */ = {isa = PBXFileReference; fileEncoding = 4; lastKnownFileType = sourcecode.swift; lineEnding = 0; path = BATabBarController.swift; sourceTree = "<group>"; xcLanguageSpecificationIdentifier = xcode.lang.swift; };
		ABB9F2C41D9170C600E01511 /* Event.swift */ = {isa = PBXFileReference; fileEncoding = 4; lastKnownFileType = sourcecode.swift; path = Event.swift; sourceTree = "<group>"; };
		ABB9F2C51D9170C600E01511 /* BAEventController.swift */ = {isa = PBXFileReference; fileEncoding = 4; lastKnownFileType = sourcecode.swift; path = BAEventController.swift; sourceTree = "<group>"; };
		ABB9F2C71D9170C600E01511 /* FetchedContent.swift */ = {isa = PBXFileReference; fileEncoding = 4; lastKnownFileType = sourcecode.swift; path = FetchedContent.swift; sourceTree = "<group>"; };
		ABB9F2C91D9170C600E01511 /* GradientBar.swift */ = {isa = PBXFileReference; fileEncoding = 4; lastKnownFileType = sourcecode.swift; path = GradientBar.swift; sourceTree = "<group>"; };
		ABB9F2CA1D9170C600E01511 /* InstagramMedia.swift */ = {isa = PBXFileReference; fileEncoding = 4; lastKnownFileType = sourcecode.swift; path = InstagramMedia.swift; sourceTree = "<group>"; };
		ABB9F2CB1D9170C600E01511 /* InstagramPicture.swift */ = {isa = PBXFileReference; fileEncoding = 4; lastKnownFileType = sourcecode.swift; path = InstagramPicture.swift; sourceTree = "<group>"; };
		ABB9F2CC1D9170C600E01511 /* InstagramUser.swift */ = {isa = PBXFileReference; fileEncoding = 4; lastKnownFileType = sourcecode.swift; path = InstagramUser.swift; sourceTree = "<group>"; };
		ABB9F2CD1D9170C600E01511 /* InstagramVideo.swift */ = {isa = PBXFileReference; fileEncoding = 4; lastKnownFileType = sourcecode.swift; path = InstagramVideo.swift; sourceTree = "<group>"; };
		ABB9F2CE1D9170C600E01511 /* IrregularityStyleAnimator.swift */ = {isa = PBXFileReference; fileEncoding = 4; lastKnownFileType = sourcecode.swift; path = IrregularityStyleAnimator.swift; sourceTree = "<group>"; };
		ABB9F2CF1D9170C600E01511 /* BALoginController.swift */ = {isa = PBXFileReference; fileEncoding = 4; lastKnownFileType = sourcecode.swift; lineEnding = 0; path = BALoginController.swift; sourceTree = "<group>"; xcLanguageSpecificationIdentifier = xcode.lang.swift; };
		ABB9F2D21D9170C600E01511 /* Place.swift */ = {isa = PBXFileReference; fileEncoding = 4; lastKnownFileType = sourcecode.swift; path = Place.swift; sourceTree = "<group>"; };
		ABB9F2D31D9170C600E01511 /* rollercoaster_comp.mp4 */ = {isa = PBXFileReference; lastKnownFileType = file; path = rollercoaster_comp.mp4; sourceTree = "<group>"; };
		ABB9F2D41D9170C600E01511 /* RSVPStatus.swift */ = {isa = PBXFileReference; fileEncoding = 4; lastKnownFileType = sourcecode.swift; path = RSVPStatus.swift; sourceTree = "<group>"; };
		ABB9F2D51D9170C600E01511 /* BASettingsController.swift */ = {isa = PBXFileReference; fileEncoding = 4; lastKnownFileType = sourcecode.swift; path = BASettingsController.swift; sourceTree = "<group>"; };
		ABB9F2D71D9170C600E01511 /* UberProduct.swift */ = {isa = PBXFileReference; fileEncoding = 4; lastKnownFileType = sourcecode.swift; path = UberProduct.swift; sourceTree = "<group>"; };
		ABB9F2D91D9170C600E01511 /* BAMapBox.swift */ = {isa = PBXFileReference; fileEncoding = 4; lastKnownFileType = sourcecode.swift; path = BAMapBox.swift; sourceTree = "<group>"; };
		ABB9F2DA1D9170C600E01511 /* UIRepeatingVideo.swift */ = {isa = PBXFileReference; fileEncoding = 4; lastKnownFileType = sourcecode.swift; path = UIRepeatingVideo.swift; sourceTree = "<group>"; };
		ABB9F2DB1D9170C600E01511 /* BAWallController.swift */ = {isa = PBXFileReference; fileEncoding = 4; lastKnownFileType = sourcecode.swift; path = BAWallController.swift; sourceTree = "<group>"; };
		ABB9F2DC1D9170C600E01511 /* WebAPI.swift */ = {isa = PBXFileReference; fileEncoding = 4; lastKnownFileType = sourcecode.swift; path = WebAPI.swift; sourceTree = "<group>"; };
		ABCBDA451DA78B670001AC59 /* BAProfileController.swift */ = {isa = PBXFileReference; fileEncoding = 4; lastKnownFileType = sourcecode.swift; path = BAProfileController.swift; sourceTree = "<group>"; };
		ABDEC2131DCFDD0800484759 /* Bais.entitlements */ = {isa = PBXFileReference; lastKnownFileType = text.plist.entitlements; path = Bais.entitlements; sourceTree = "<group>"; };
		ABF08B1F1D916E5400C6B832 /* Bais.app */ = {isa = PBXFileReference; explicitFileType = wrapper.application; includeInIndex = 0; path = Bais.app; sourceTree = BUILT_PRODUCTS_DIR; };
		ABF08B221D916E5400C6B832 /* AppDelegate.swift */ = {isa = PBXFileReference; lastKnownFileType = sourcecode.swift; lineEnding = 0; path = AppDelegate.swift; sourceTree = "<group>"; xcLanguageSpecificationIdentifier = xcode.lang.swift; };
		ABF08B2E1D916E5400C6B832 /* Info.plist */ = {isa = PBXFileReference; lastKnownFileType = text.plist.xml; path = Info.plist; sourceTree = "<group>"; };
		ABF50ACB1DEA7651004CB6E8 /* BAUsersController.swift */ = {isa = PBXFileReference; fileEncoding = 4; lastKnownFileType = sourcecode.swift; path = BAUsersController.swift; sourceTree = "<group>"; };
		ABFA0B301D9A0CB000ED6C16 /* GoogleService-Info.plist */ = {isa = PBXFileReference; fileEncoding = 4; lastKnownFileType = text.plist.xml; path = "GoogleService-Info.plist"; sourceTree = "<group>"; };
		ABFC76E51E34995700B6498D /* BAUsersHeaderCellNode.swift */ = {isa = PBXFileReference; fileEncoding = 4; lastKnownFileType = sourcecode.swift; path = BAUsersHeaderCellNode.swift; sourceTree = "<group>"; };
		ABFF2A121E2F1B0E00B10B76 /* BAFriendsController.swift */ = {isa = PBXFileReference; fileEncoding = 4; lastKnownFileType = sourcecode.swift; path = BAFriendsController.swift; sourceTree = "<group>"; };
/* End PBXFileReference section */

/* Begin PBXFrameworksBuildPhase section */
		ABF08B1C1D916E5400C6B832 /* Frameworks */ = {
			isa = PBXFrameworksBuildPhase;
			buildActionMask = 2147483647;
			files = (
				817A5728FB15CD651FEC45FF /* Pods_Bais.framework in Frameworks */,
			);
			runOnlyForDeploymentPostprocessing = 0;
		};
/* End PBXFrameworksBuildPhase section */

/* Begin PBXGroup section */
		881A4E44726A74D735DAA17E /* Pods */ = {
			isa = PBXGroup;
			children = (
				82318B2C04D00B6FB970C108 /* Pods-Bais.debug.xcconfig */,
				40BDC291BD8D1F55A1BC5F42 /* Pods-Bais.release.xcconfig */,
			);
			name = Pods;
			sourceTree = "<group>";
		};
		A20AC3B1C5DA4B39966F8AE3 /* Frameworks */ = {
			isa = PBXGroup;
			children = (
				0AF6B2B119653D993B14B315 /* Pods_Bais.framework */,
			);
			name = Frameworks;
			sourceTree = "<group>";
		};
		AB3D33A01E458C770058547A /* Profile */ = {
			isa = PBXGroup;
			children = (
				AB3D33A11E458C9E0058547A /* BAImageCarouselCellNode.swift */,
				AB3D33A31E4598CE0058547A /* BABasicInfoCellNode.swift */,
			);
			name = Profile;
			sourceTree = "<group>";
		};
		ABA9C93B1DEBAF43006AB49E /* Layouts */ = {
			isa = PBXGroup;
			children = (
				AB0E468A1DF3E628003CA68C /* MosaicCollectionViewLayout.swift */,
			);
			name = Layouts;
			sourceTree = "<group>";
		};
		ABAE861A1E1F2001005CAE77 /* Level1 */ = {
			isa = PBXGroup;
			children = (
				ABF50ACB1DEA7651004CB6E8 /* BAUsersController.swift */,
				ABFF2A121E2F1B0E00B10B76 /* BAFriendsController.swift */,
				ABB9F2DB1D9170C600E01511 /* BAWallController.swift */,
				ABB9F2BE1D9170C600E01511 /* BACalendarController.swift */,
				ABB9F2D51D9170C600E01511 /* BASettingsController.swift */,
			);
			name = Level1;
			sourceTree = "<group>";
		};
		ABAE861B1E1F23A3005CAE77 /* Event */ = {
			isa = PBXGroup;
			children = (
				ABB9F2B51D9170C600E01511 /* BAEventCard.swift */,
			);
			name = Event;
			sourceTree = "<group>";
		};
		ABAE861C1E1F2498005CAE77 /* Users */ = {
			isa = PBXGroup;
			children = (
				ABFC76E51E34995700B6498D /* BAUsersHeaderCellNode.swift */,
				AB4FD1691DEBF90900612473 /* BAUsersCellNode.swift */,
			);
			name = Users;
			sourceTree = "<group>";
		};
		ABAE861D1E1F250F005CAE77 /* Chat */ = {
			isa = PBXGroup;
			children = (
				AB9B5BA91E347733001A9085 /* BAChatHeaderCellNode.swift */,
				ABA9C3741E307B0300DE5F56 /* BAChatCellNode.swift */,
				AB75EDCB1E3C678900078C66 /* BAFriendRequestCellNode.swift */,
			);
			name = Chat;
			sourceTree = "<group>";
		};
		ABAE861E1E1F2670005CAE77 /* RepeatingVideo */ = {
			isa = PBXGroup;
			children = (
				ABB9F2DA1D9170C600E01511 /* UIRepeatingVideo.swift */,
			);
			name = RepeatingVideo;
			sourceTree = "<group>";
		};
		ABAE861F1E1F2683005CAE77 /* NavigationBar */ = {
			isa = PBXGroup;
			children = (
				ABB9F2C91D9170C600E01511 /* GradientBar.swift */,
			);
			name = NavigationBar;
			sourceTree = "<group>";
		};
		ABAE86201E1F26A1005CAE77 /* MapBox */ = {
			isa = PBXGroup;
			children = (
				ABB9F2D91D9170C600E01511 /* BAMapBox.swift */,
			);
			name = MapBox;
			sourceTree = "<group>";
		};
		ABB9F3081D9171A600E01511 /* Enums */ = {
			isa = PBXGroup;
			children = (
				ABB9F2D41D9170C600E01511 /* RSVPStatus.swift */,
				AB8B5F851D9DD10600727BF8 /* FriendshipStatus.swift */,
			);
			name = Enums;
			sourceTree = "<group>";
		};
		ABB9F3091D9171B200E01511 /* Extensions */ = {
			isa = PBXGroup;
			children = (
				ABB9F2B41D9170C600E01511 /* Utilities.swift */,
			);
			name = Extensions;
			sourceTree = "<group>";
		};
		ABB9F30A1D9171CA00E01511 /* Views */ = {
			isa = PBXGroup;
			children = (
				ABAE861C1E1F2498005CAE77 /* Users */,
				ABAE861D1E1F250F005CAE77 /* Chat */,
				AB3D33A01E458C770058547A /* Profile */,
				ABAE861B1E1F23A3005CAE77 /* Event */,
				ABB9F3101D9172A500E01511 /* Wall */,
				ABAE861E1E1F2670005CAE77 /* RepeatingVideo */,
				ABAE861F1E1F2683005CAE77 /* NavigationBar */,
				ABAE86201E1F26A1005CAE77 /* MapBox */,
			);
			name = Views;
			sourceTree = "<group>";
		};
		ABB9F30B1D9171D300E01511 /* Model */ = {
			isa = PBXGroup;
			children = (
				ABB9F3121D9172ED00E01511 /* Instagram */,
				ABB9F3111D9172E400E01511 /* Uber */,
				ABB9F2C41D9170C600E01511 /* Event.swift */,
				ABB9F2D21D9170C600E01511 /* Place.swift */,
				AB4F5D761D98EB4F003586B2 /* User.swift */,
			);
			name = Model;
			sourceTree = "<group>";
		};
		ABB9F30C1D9171D800E01511 /* Config */ = {
			isa = PBXGroup;
			children = (
				ABB9F2C11D9170C600E01511 /* ColorPalette.swift */,
			);
			name = Config;
			sourceTree = "<group>";
		};
		ABB9F30D1D9171E100E01511 /* Infrastructure */ = {
			isa = PBXGroup;
			children = (
				ABB9F2B21D9170C600E01511 /* AppsCommunicator.swift */,
				ABB9F2C71D9170C600E01511 /* FetchedContent.swift */,
				ABB9F2C01D9170C600E01511 /* CloudController.swift */,
				ABB9F2DC1D9170C600E01511 /* WebAPI.swift */,
				AB4F5D741D98D204003586B2 /* FirebaseService.swift */,
			);
			name = Infrastructure;
			sourceTree = "<group>";
		};
		ABB9F30E1D9171EB00E01511 /* Controllers */ = {
			isa = PBXGroup;
			children = (
				ABB9F2CF1D9170C600E01511 /* BALoginController.swift */,
				ABB9F2C21D9170C600E01511 /* BATabBarController.swift */,
				ABAE861A1E1F2001005CAE77 /* Level1 */,
				ABFA0B321D9A245600ED6C16 /* Level2 */,
			);
			name = Controllers;
			sourceTree = "<group>";
		};
		ABB9F3101D9172A500E01511 /* Wall */ = {
			isa = PBXGroup;
			children = (
				ABB9F2B31D9170C600E01511 /* BAAnnouncementPost.swift */,
				ABB9F2B71D9170C600E01511 /* BAPicturePost.swift */,
				ABB9F2B91D9170C600E01511 /* BAVideoPost.swift */,
				ABB9F2BA1D9170C600E01511 /* BAWallPost.swift */,
				ABB9F2B61D9170C600E01511 /* BALikeButton.swift */,
			);
			name = Wall;
			sourceTree = "<group>";
		};
		ABB9F3111D9172E400E01511 /* Uber */ = {
			isa = PBXGroup;
			children = (
				ABB9F2D71D9170C600E01511 /* UberProduct.swift */,
			);
			name = Uber;
			sourceTree = "<group>";
		};
		ABB9F3121D9172ED00E01511 /* Instagram */ = {
			isa = PBXGroup;
			children = (
				ABB9F2CA1D9170C600E01511 /* InstagramMedia.swift */,
				ABB9F2CB1D9170C600E01511 /* InstagramPicture.swift */,
				ABB9F2CC1D9170C600E01511 /* InstagramUser.swift */,
				ABB9F2CD1D9170C600E01511 /* InstagramVideo.swift */,
			);
			name = Instagram;
			sourceTree = "<group>";
		};
		ABB9F3131D91737300E01511 /* ESTabBarController */ = {
			isa = PBXGroup;
			children = (
				ABB9F2BB1D9170C600E01511 /* BackgroundStyleAnimator.swift */,
				ABB9F2BD1D9170C600E01511 /* BouncesStyleAnimator.swift */,
				ABB9F2CE1D9170C600E01511 /* IrregularityStyleAnimator.swift */,
			);
			name = ESTabBarController;
			sourceTree = "<group>";
		};
		ABF08B161D916E5400C6B832 = {
			isa = PBXGroup;
			children = (
				ABF08B211D916E5400C6B832 /* Bais */,
				ABF08B201D916E5400C6B832 /* Products */,
				881A4E44726A74D735DAA17E /* Pods */,
				A20AC3B1C5DA4B39966F8AE3 /* Frameworks */,
			);
			sourceTree = "<group>";
		};
		ABF08B201D916E5400C6B832 /* Products */ = {
			isa = PBXGroup;
			children = (
				ABF08B1F1D916E5400C6B832 /* Bais.app */,
			);
			name = Products;
			sourceTree = "<group>";
		};
		ABF08B211D916E5400C6B832 /* Bais */ = {
			isa = PBXGroup;
			children = (
				ABDEC2131DCFDD0800484759 /* Bais.entitlements */,
				ABB9F3131D91737300E01511 /* ESTabBarController */,
				ABB9F3081D9171A600E01511 /* Enums */,
				ABB9F3091D9171B200E01511 /* Extensions */,
				ABB9F30D1D9171E100E01511 /* Infrastructure */,
				ABB9F30B1D9171D300E01511 /* Model */,
				ABB9F30C1D9171D800E01511 /* Config */,
				ABB9F30E1D9171EB00E01511 /* Controllers */,
				ABA9C93B1DEBAF43006AB49E /* Layouts */,
				ABB9F30A1D9171CA00E01511 /* Views */,
				ABB9F2B81D9170C600E01511 /* Assets.xcassets */,
				ABB9F2D31D9170C600E01511 /* rollercoaster_comp.mp4 */,
				ABF08B221D916E5400C6B832 /* AppDelegate.swift */,
				ABFA0B301D9A0CB000ED6C16 /* GoogleService-Info.plist */,
				ABF08B2E1D916E5400C6B832 /* Info.plist */,
			);
			path = Bais;
			sourceTree = "<group>";
		};
		ABFA0B321D9A245600ED6C16 /* Level2 */ = {
			isa = PBXGroup;
			children = (
				ABB9F2C51D9170C600E01511 /* BAEventController.swift */,
				ABCBDA451DA78B670001AC59 /* BAProfileController.swift */,
				ABB9F2BF1D9170C600E01511 /* BAChatController.swift */,
			);
			name = Level2;
			sourceTree = "<group>";
		};
/* End PBXGroup section */

/* Begin PBXNativeTarget section */
		ABF08B1E1D916E5400C6B832 /* Bais */ = {
			isa = PBXNativeTarget;
			buildConfigurationList = ABF08B311D916E5400C6B832 /* Build configuration list for PBXNativeTarget "Bais" */;
			buildPhases = (
				DB3B19C619CAC66231A678AC /* [CP] Check Pods Manifest.lock */,
				ABF08B1B1D916E5400C6B832 /* Sources */,
				ABF08B1C1D916E5400C6B832 /* Frameworks */,
				ABF08B1D1D916E5400C6B832 /* Resources */,
				364C886B1E63CEDF4FF96975 /* [CP] Embed Pods Frameworks */,
				A4B65DAECF333D78044C203A /* [CP] Copy Pods Resources */,
				ABA2A4CA1E387CEC00C24E0C /* Autoincrement build */,
			);
			buildRules = (
			);
			dependencies = (
			);
			name = Bais;
			productName = Bais;
			productReference = ABF08B1F1D916E5400C6B832 /* Bais.app */;
			productType = "com.apple.product-type.application";
		};
/* End PBXNativeTarget section */

/* Begin PBXProject section */
		ABF08B171D916E5400C6B832 /* Project object */ = {
			isa = PBXProject;
			attributes = {
				LastSwiftUpdateCheck = 0800;
				LastUpgradeCheck = 0820;
				ORGANIZATIONNAME = "Board Social, Inc.";
				TargetAttributes = {
					ABF08B1E1D916E5400C6B832 = {
						CreatedOnToolsVersion = 8.0;
						DevelopmentTeam = TRJS4744Z8;
						LastSwiftMigration = 0810;
						ProvisioningStyle = Automatic;
						SystemCapabilities = {
							com.apple.BackgroundModes = {
								enabled = 1;
							};
							com.apple.Keychain = {
								enabled = 1;
							};
							com.apple.Push = {
								enabled = 1;
							};
						};
					};
				};
			};
			buildConfigurationList = ABF08B1A1D916E5400C6B832 /* Build configuration list for PBXProject "Bais" */;
			compatibilityVersion = "Xcode 3.2";
			developmentRegion = English;
			hasScannedForEncodings = 0;
			knownRegions = (
				en,
				Base,
			);
			mainGroup = ABF08B161D916E5400C6B832;
			productRefGroup = ABF08B201D916E5400C6B832 /* Products */;
			projectDirPath = "";
			projectRoot = "";
			targets = (
				ABF08B1E1D916E5400C6B832 /* Bais */,
			);
		};
/* End PBXProject section */

/* Begin PBXResourcesBuildPhase section */
		ABF08B1D1D916E5400C6B832 /* Resources */ = {
			isa = PBXResourcesBuildPhase;
			buildActionMask = 2147483647;
			files = (
				ABB9F2FE1D9170C600E01511 /* rollercoaster_comp.mp4 in Resources */,
				ABB9F2E31D9170C600E01511 /* Assets.xcassets in Resources */,
				ABFA0B311D9A0CB000ED6C16 /* GoogleService-Info.plist in Resources */,
			);
			runOnlyForDeploymentPostprocessing = 0;
		};
/* End PBXResourcesBuildPhase section */

/* Begin PBXShellScriptBuildPhase section */
		364C886B1E63CEDF4FF96975 /* [CP] Embed Pods Frameworks */ = {
			isa = PBXShellScriptBuildPhase;
			buildActionMask = 2147483647;
			files = (
			);
			inputPaths = (
			);
			name = "[CP] Embed Pods Frameworks";
			outputPaths = (
			);
			runOnlyForDeploymentPostprocessing = 0;
			shellPath = /bin/sh;
			shellScript = "\"${SRCROOT}/Pods/Target Support Files/Pods-Bais/Pods-Bais-frameworks.sh\"\n";
			showEnvVarsInLog = 0;
		};
		A4B65DAECF333D78044C203A /* [CP] Copy Pods Resources */ = {
			isa = PBXShellScriptBuildPhase;
			buildActionMask = 2147483647;
			files = (
			);
			inputPaths = (
			);
			name = "[CP] Copy Pods Resources";
			outputPaths = (
			);
			runOnlyForDeploymentPostprocessing = 0;
			shellPath = /bin/sh;
			shellScript = "\"${SRCROOT}/Pods/Target Support Files/Pods-Bais/Pods-Bais-resources.sh\"\n";
			showEnvVarsInLog = 0;
		};
		ABA2A4CA1E387CEC00C24E0C /* Autoincrement build */ = {
			isa = PBXShellScriptBuildPhase;
			buildActionMask = 2147483647;
			files = (
			);
			inputPaths = (
			);
			name = "Autoincrement build";
			outputPaths = (
			);
			runOnlyForDeploymentPostprocessing = 0;
			shellPath = /bin/sh;
			shellScript = "buildNumber=$(/usr/libexec/PlistBuddy -c \"Print CFBundleVersion\" \"${PROJECT_DIR}/${INFOPLIST_FILE}\")\nbuildNumber=$(($buildNumber + 1))\n/usr/libexec/PlistBuddy -c \"Set :CFBundleVersion $buildNumber\" \"${PROJECT_DIR}/${INFOPLIST_FILE}\"";
		};
		DB3B19C619CAC66231A678AC /* [CP] Check Pods Manifest.lock */ = {
			isa = PBXShellScriptBuildPhase;
			buildActionMask = 2147483647;
			files = (
			);
			inputPaths = (
			);
			name = "[CP] Check Pods Manifest.lock";
			outputPaths = (
			);
			runOnlyForDeploymentPostprocessing = 0;
			shellPath = /bin/sh;
			shellScript = "diff \"${PODS_ROOT}/../Podfile.lock\" \"${PODS_ROOT}/Manifest.lock\" > /dev/null\nif [ $? != 0 ] ; then\n    # print error to STDERR\n    echo \"error: The sandbox is not in sync with the Podfile.lock. Run 'pod install' or update your CocoaPods installation.\" >&2\n    exit 1\nfi\n";
			showEnvVarsInLog = 0;
		};
/* End PBXShellScriptBuildPhase section */

/* Begin PBXSourcesBuildPhase section */
		ABF08B1B1D916E5400C6B832 /* Sources */ = {
			isa = PBXSourcesBuildPhase;
			buildActionMask = 2147483647;
			files = (
				ABB9F3041D9170C600E01511 /* BAMapBox.swift in Sources */,
				AB4FD16A1DEBF90900612473 /* BAUsersCellNode.swift in Sources */,
				ABB9F2E61D9170C600E01511 /* BackgroundStyleAnimator.swift in Sources */,
				ABB9F2FA1D9170C600E01511 /* BALoginController.swift in Sources */,
				ABB9F2E91D9170C600E01511 /* BACalendarController.swift in Sources */,
				ABB9F3021D9170C600E01511 /* UberProduct.swift in Sources */,
				AB4F5D751D98D204003586B2 /* FirebaseService.swift in Sources */,
				ABB9F2F01D9170C600E01511 /* BAEventController.swift in Sources */,
				AB3D33A21E458C9E0058547A /* BAImageCarouselCellNode.swift in Sources */,
				ABB9F3061D9170C600E01511 /* BAWallController.swift in Sources */,
				ABB9F2F91D9170C600E01511 /* IrregularityStyleAnimator.swift in Sources */,
				ABB9F3001D9170C600E01511 /* BASettingsController.swift in Sources */,
				ABB9F2F51D9170C600E01511 /* InstagramMedia.swift in Sources */,
				ABB9F2E21D9170C600E01511 /* BAPicturePost.swift in Sources */,
				ABB9F3071D9170C600E01511 /* WebAPI.swift in Sources */,
				AB9B5BAA1E347733001A9085 /* BAChatHeaderCellNode.swift in Sources */,
				AB0E468B1DF3E628003CA68C /* MosaicCollectionViewLayout.swift in Sources */,
				ABB9F2ED1D9170C600E01511 /* BATabBarController.swift in Sources */,
				ABB9F2E01D9170C600E01511 /* BAEventCard.swift in Sources */,
				AB4F5D771D98EB4F003586B2 /* User.swift in Sources */,
				ABA9C3751E307B0300DE5F56 /* BAChatCellNode.swift in Sources */,
				AB8B5F861D9DD10600727BF8 /* FriendshipStatus.swift in Sources */,
				ABB9F2F21D9170C600E01511 /* FetchedContent.swift in Sources */,
				ABB9F2DD1D9170C600E01511 /* AppsCommunicator.swift in Sources */,
				ABFC76E61E34995700B6498D /* BAUsersHeaderCellNode.swift in Sources */,
				ABB9F2F61D9170C600E01511 /* InstagramPicture.swift in Sources */,
				ABB9F2EC1D9170C600E01511 /* ColorPalette.swift in Sources */,
				ABB9F2FD1D9170C600E01511 /* Place.swift in Sources */,
				ABF08B231D916E5400C6B832 /* AppDelegate.swift in Sources */,
				ABB9F2DF1D9170C600E01511 /* Utilities.swift in Sources */,
				ABCBDA461DA78B670001AC59 /* BAProfileController.swift in Sources */,
				ABF50ACC1DEA7651004CB6E8 /* BAUsersController.swift in Sources */,
				ABB9F2EF1D9170C600E01511 /* Event.swift in Sources */,
				ABB9F2F41D9170C600E01511 /* GradientBar.swift in Sources */,
				ABB9F2E41D9170C600E01511 /* BAVideoPost.swift in Sources */,
				ABB9F2EA1D9170C600E01511 /* BAChatController.swift in Sources */,
				ABB9F2E11D9170C600E01511 /* BALikeButton.swift in Sources */,
				ABB9F2F81D9170C600E01511 /* InstagramVideo.swift in Sources */,
				AB75EDCC1E3C678900078C66 /* BAFriendRequestCellNode.swift in Sources */,
				ABB9F2FF1D9170C600E01511 /* RSVPStatus.swift in Sources */,
				ABFF2A131E2F1B0E00B10B76 /* BAFriendsController.swift in Sources */,
				ABB9F2E81D9170C600E01511 /* BouncesStyleAnimator.swift in Sources */,
				ABB9F2EB1D9170C600E01511 /* CloudController.swift in Sources */,
				AB3D33A41E4598CE0058547A /* BABasicInfoCellNode.swift in Sources */,
				ABB9F3051D9170C600E01511 /* UIRepeatingVideo.swift in Sources */,
				ABB9F2DE1D9170C600E01511 /* BAAnnouncementPost.swift in Sources */,
				ABB9F2E51D9170C600E01511 /* BAWallPost.swift in Sources */,
				ABB9F2F71D9170C600E01511 /* InstagramUser.swift in Sources */,
			);
			runOnlyForDeploymentPostprocessing = 0;
		};
/* End PBXSourcesBuildPhase section */

/* Begin XCBuildConfiguration section */
		ABF08B2F1D916E5400C6B832 /* Debug */ = {
			isa = XCBuildConfiguration;
			buildSettings = {
				ALWAYS_SEARCH_USER_PATHS = NO;
				CLANG_ANALYZER_NONNULL = YES;
				CLANG_CXX_LANGUAGE_STANDARD = "gnu++0x";
				CLANG_CXX_LIBRARY = "libc++";
				CLANG_ENABLE_MODULES = YES;
				CLANG_ENABLE_OBJC_ARC = YES;
				CLANG_WARN_BOOL_CONVERSION = YES;
				CLANG_WARN_CONSTANT_CONVERSION = YES;
				CLANG_WARN_DIRECT_OBJC_ISA_USAGE = YES_ERROR;
				CLANG_WARN_DOCUMENTATION_COMMENTS = YES;
				CLANG_WARN_EMPTY_BODY = YES;
				CLANG_WARN_ENUM_CONVERSION = YES;
				CLANG_WARN_INFINITE_RECURSION = YES;
				CLANG_WARN_INT_CONVERSION = YES;
				CLANG_WARN_OBJC_ROOT_CLASS = YES_ERROR;
				CLANG_WARN_SUSPICIOUS_MOVE = YES;
				CLANG_WARN_SUSPICIOUS_MOVES = YES;
				CLANG_WARN_UNREACHABLE_CODE = YES;
				CLANG_WARN__DUPLICATE_METHOD_MATCH = YES;
				CODE_SIGN_IDENTITY = "iPhone Developer";
				"CODE_SIGN_IDENTITY[sdk=iphoneos*]" = "iPhone Developer";
				COPY_PHASE_STRIP = NO;
				DEBUG_INFORMATION_FORMAT = dwarf;
				ENABLE_STRICT_OBJC_MSGSEND = YES;
				ENABLE_TESTABILITY = YES;
				GCC_C_LANGUAGE_STANDARD = gnu99;
				GCC_DYNAMIC_NO_PIC = NO;
				GCC_NO_COMMON_BLOCKS = YES;
				GCC_OPTIMIZATION_LEVEL = 0;
				GCC_PREPROCESSOR_DEFINITIONS = (
					"DEBUG=1",
					"$(inherited)",
				);
				GCC_WARN_64_TO_32_BIT_CONVERSION = YES;
				GCC_WARN_ABOUT_RETURN_TYPE = YES_ERROR;
				GCC_WARN_UNDECLARED_SELECTOR = YES;
				GCC_WARN_UNINITIALIZED_AUTOS = YES_AGGRESSIVE;
				GCC_WARN_UNUSED_FUNCTION = YES;
				GCC_WARN_UNUSED_VARIABLE = YES;
				IPHONEOS_DEPLOYMENT_TARGET = 10.0;
				MTL_ENABLE_DEBUG_INFO = YES;
				ONLY_ACTIVE_ARCH = YES;
				SDKROOT = iphoneos;
				SWIFT_ACTIVE_COMPILATION_CONDITIONS = DEBUG;
				SWIFT_OPTIMIZATION_LEVEL = "-Onone";
			};
			name = Debug;
		};
		ABF08B301D916E5400C6B832 /* Release */ = {
			isa = XCBuildConfiguration;
			buildSettings = {
				ALWAYS_SEARCH_USER_PATHS = NO;
				CLANG_ANALYZER_NONNULL = YES;
				CLANG_CXX_LANGUAGE_STANDARD = "gnu++0x";
				CLANG_CXX_LIBRARY = "libc++";
				CLANG_ENABLE_MODULES = YES;
				CLANG_ENABLE_OBJC_ARC = YES;
				CLANG_WARN_BOOL_CONVERSION = YES;
				CLANG_WARN_CONSTANT_CONVERSION = YES;
				CLANG_WARN_DIRECT_OBJC_ISA_USAGE = YES_ERROR;
				CLANG_WARN_DOCUMENTATION_COMMENTS = YES;
				CLANG_WARN_EMPTY_BODY = YES;
				CLANG_WARN_ENUM_CONVERSION = YES;
				CLANG_WARN_INFINITE_RECURSION = YES;
				CLANG_WARN_INT_CONVERSION = YES;
				CLANG_WARN_OBJC_ROOT_CLASS = YES_ERROR;
				CLANG_WARN_SUSPICIOUS_MOVE = YES;
				CLANG_WARN_SUSPICIOUS_MOVES = YES;
				CLANG_WARN_UNREACHABLE_CODE = YES;
				CLANG_WARN__DUPLICATE_METHOD_MATCH = YES;
				CODE_SIGN_IDENTITY = "iPhone Distribution";
				"CODE_SIGN_IDENTITY[sdk=iphoneos*]" = "iPhone Developer";
				COPY_PHASE_STRIP = NO;
				DEBUG_INFORMATION_FORMAT = "dwarf-with-dsym";
				ENABLE_NS_ASSERTIONS = NO;
				ENABLE_STRICT_OBJC_MSGSEND = YES;
				GCC_C_LANGUAGE_STANDARD = gnu99;
				GCC_NO_COMMON_BLOCKS = YES;
				GCC_WARN_64_TO_32_BIT_CONVERSION = YES;
				GCC_WARN_ABOUT_RETURN_TYPE = YES_ERROR;
				GCC_WARN_UNDECLARED_SELECTOR = YES;
				GCC_WARN_UNINITIALIZED_AUTOS = YES_AGGRESSIVE;
				GCC_WARN_UNUSED_FUNCTION = YES;
				GCC_WARN_UNUSED_VARIABLE = YES;
				IPHONEOS_DEPLOYMENT_TARGET = 10.0;
				MTL_ENABLE_DEBUG_INFO = NO;
				SDKROOT = iphoneos;
				SWIFT_OPTIMIZATION_LEVEL = "-Owholemodule";
				VALIDATE_PRODUCT = YES;
			};
			name = Release;
		};
		ABF08B321D916E5400C6B832 /* Debug */ = {
			isa = XCBuildConfiguration;
			baseConfigurationReference = 82318B2C04D00B6FB970C108 /* Pods-Bais.debug.xcconfig */;
			buildSettings = {
				ASSETCATALOG_COMPILER_APPICON_NAME = AppIcon;
				ASSETCATALOG_COMPILER_LAUNCHIMAGE_NAME = LaunchImage;
				CLANG_ENABLE_MODULES = YES;
				CODE_SIGN_ENTITLEMENTS = Bais/Bais.entitlements;
				CODE_SIGN_IDENTITY = "iPhone Developer";
				CURRENT_PROJECT_VERSION = 7;
				DEVELOPMENT_TEAM = TRJS4744Z8;
				INFOPLIST_FILE = Bais/Info.plist;
				IPHONEOS_DEPLOYMENT_TARGET = 9.3;
				LD_RUNPATH_SEARCH_PATHS = "$(inherited) @executable_path/Frameworks";
				PRODUCT_BUNDLE_IDENTIFIER = com.baisapp.Bais;
				PRODUCT_NAME = "$(TARGET_NAME)";
				SWIFT_INSTALL_OBJC_HEADER = NO;
				SWIFT_OPTIMIZATION_LEVEL = "-Onone";
				SWIFT_VERSION = 3.0;
				VERSIONING_SYSTEM = "apple-generic";
			};
			name = Debug;
		};
		ABF08B331D916E5400C6B832 /* Release */ = {
			isa = XCBuildConfiguration;
			baseConfigurationReference = 40BDC291BD8D1F55A1BC5F42 /* Pods-Bais.release.xcconfig */;
			buildSettings = {
				ASSETCATALOG_COMPILER_APPICON_NAME = AppIcon;
				ASSETCATALOG_COMPILER_LAUNCHIMAGE_NAME = LaunchImage;
				CLANG_ENABLE_MODULES = YES;
				CODE_SIGN_ENTITLEMENTS = Bais/Bais.entitlements;
				CODE_SIGN_IDENTITY = "iPhone Distribution";
				"CODE_SIGN_IDENTITY[sdk=iphoneos*]" = "iPhone Distribution";
				CURRENT_PROJECT_VERSION = 7;
				DEVELOPMENT_TEAM = TRJS4744Z8;
				INFOPLIST_FILE = Bais/Info.plist;
				IPHONEOS_DEPLOYMENT_TARGET = 9.3;
				LD_RUNPATH_SEARCH_PATHS = "$(inherited) @executable_path/Frameworks";
				PRODUCT_BUNDLE_IDENTIFIER = com.baisapp.Bais;
				PRODUCT_NAME = "$(TARGET_NAME)";
				SWIFT_INSTALL_OBJC_HEADER = NO;
				SWIFT_VERSION = 3.0;
				VERSIONING_SYSTEM = "apple-generic";
			};
			name = Release;
		};
/* End XCBuildConfiguration section */

/* Begin XCConfigurationList section */
		ABF08B1A1D916E5400C6B832 /* Build configuration list for PBXProject "Bais" */ = {
			isa = XCConfigurationList;
			buildConfigurations = (
				ABF08B2F1D916E5400C6B832 /* Debug */,
				ABF08B301D916E5400C6B832 /* Release */,
			);
			defaultConfigurationIsVisible = 0;
			defaultConfigurationName = Release;
		};
		ABF08B311D916E5400C6B832 /* Build configuration list for PBXNativeTarget "Bais" */ = {
			isa = XCConfigurationList;
			buildConfigurations = (
				ABF08B321D916E5400C6B832 /* Debug */,
				ABF08B331D916E5400C6B832 /* Release */,
			);
			defaultConfigurationIsVisible = 0;
			defaultConfigurationName = Release;
		};
/* End XCConfigurationList section */
	};
	rootObject = ABF08B171D916E5400C6B832 /* Project object */;
}
